// !$*UTF8*$!
{
	archiveVersion = 1;
	classes = {
	};
	objectVersion = 46;
	objects = {

/* Begin PBXBuildFile section */
		12CF10D21B5D404A0097FBC7 /* main.m in Sources */ = {isa = PBXBuildFile; fileRef = 12CF10D11B5D404A0097FBC7 /* main.m */; };
		12CF10D51B5D404A0097FBC7 /* AppDelegate.m in Sources */ = {isa = PBXBuildFile; fileRef = 12CF10D41B5D404A0097FBC7 /* AppDelegate.m */; };
		12CF10D81B5D404A0097FBC7 /* W4D1_CoreData.xcdatamodeld in Sources */ = {isa = PBXBuildFile; fileRef = 12CF10D61B5D404A0097FBC7 /* W4D1_CoreData.xcdatamodeld */; };
		12CF10DB1B5D404A0097FBC7 /* MasterViewController.m in Sources */ = {isa = PBXBuildFile; fileRef = 12CF10DA1B5D404A0097FBC7 /* MasterViewController.m */; };
		12CF10DE1B5D404A0097FBC7 /* DetailViewController.m in Sources */ = {isa = PBXBuildFile; fileRef = 12CF10DD1B5D404A0097FBC7 /* DetailViewController.m */; };
		12CF10E11B5D404A0097FBC7 /* Main.storyboard in Resources */ = {isa = PBXBuildFile; fileRef = 12CF10DF1B5D404A0097FBC7 /* Main.storyboard */; };
		12CF10E31B5D404A0097FBC7 /* Images.xcassets in Resources */ = {isa = PBXBuildFile; fileRef = 12CF10E21B5D404A0097FBC7 /* Images.xcassets */; };
		12CF10E61B5D404A0097FBC7 /* LaunchScreen.xib in Resources */ = {isa = PBXBuildFile; fileRef = 12CF10E41B5D404A0097FBC7 /* LaunchScreen.xib */; };
		12CF10F21B5D404B0097FBC7 /* W4D1_CoreDataTests.m in Sources */ = {isa = PBXBuildFile; fileRef = 12CF10F11B5D404B0097FBC7 /* W4D1_CoreDataTests.m */; };
		12FA175F1B5D44A70068A00F /* Author.m in Sources */ = {isa = PBXBuildFile; fileRef = 12FA175B1B5D44A70068A00F /* Author.m */; };
		12FA17601B5D44A70068A00F /* Book.m in Sources */ = {isa = PBXBuildFile; fileRef = 12FA175E1B5D44A70068A00F /* Book.m */; };
/* End PBXBuildFile section */

/* Begin PBXContainerItemProxy section */
		12CF10EC1B5D404B0097FBC7 /* PBXContainerItemProxy */ = {
			isa = PBXContainerItemProxy;
			containerPortal = 12CF10C41B5D404A0097FBC7 /* Project object */;
			proxyType = 1;
			remoteGlobalIDString = 12CF10CB1B5D404A0097FBC7;
			remoteInfo = "W4D1-CoreData";
		};
/* End PBXContainerItemProxy section */

/* Begin PBXFileReference section */
		12CF10CC1B5D404A0097FBC7 /* W4D1-CoreData.app */ = {isa = PBXFileReference; explicitFileType = wrapper.application; includeInIndex = 0; path = "W4D1-CoreData.app"; sourceTree = BUILT_PRODUCTS_DIR; };
		12CF10D01B5D404A0097FBC7 /* Info.plist */ = {isa = PBXFileReference; lastKnownFileType = text.plist.xml; path = Info.plist; sourceTree = "<group>"; };
		12CF10D11B5D404A0097FBC7 /* main.m */ = {isa = PBXFileReference; lastKnownFileType = sourcecode.c.objc; path = main.m; sourceTree = "<group>"; };
		12CF10D31B5D404A0097FBC7 /* AppDelegate.h */ = {isa = PBXFileReference; lastKnownFileType = sourcecode.c.h; path = AppDelegate.h; sourceTree = "<group>"; };
		12CF10D41B5D404A0097FBC7 /* AppDelegate.m */ = {isa = PBXFileReference; lastKnownFileType = sourcecode.c.objc; path = AppDelegate.m; sourceTree = "<group>"; };
		12CF10D71B5D404A0097FBC7 /* W4D1_CoreData.xcdatamodel */ = {isa = PBXFileReference; lastKnownFileType = wrapper.xcdatamodel; path = W4D1_CoreData.xcdatamodel; sourceTree = "<group>"; };
		12CF10D91B5D404A0097FBC7 /* MasterViewController.h */ = {isa = PBXFileReference; lastKnownFileType = sourcecode.c.h; path = MasterViewController.h; sourceTree = "<group>"; };
		12CF10DA1B5D404A0097FBC7 /* MasterViewController.m */ = {isa = PBXFileReference; lastKnownFileType = sourcecode.c.objc; path = MasterViewController.m; sourceTree = "<group>"; };
		12CF10DC1B5D404A0097FBC7 /* DetailViewController.h */ = {isa = PBXFileReference; lastKnownFileType = sourcecode.c.h; path = DetailViewController.h; sourceTree = "<group>"; };
		12CF10DD1B5D404A0097FBC7 /* DetailViewController.m */ = {isa = PBXFileReference; lastKnownFileType = sourcecode.c.objc; path = DetailViewController.m; sourceTree = "<group>"; };
		12CF10E01B5D404A0097FBC7 /* Base */ = {isa = PBXFileReference; lastKnownFileType = file.storyboard; name = Base; path = Base.lproj/Main.storyboard; sourceTree = "<group>"; };
		12CF10E21B5D404A0097FBC7 /* Images.xcassets */ = {isa = PBXFileReference; lastKnownFileType = folder.assetcatalog; path = Images.xcassets; sourceTree = "<group>"; };
		12CF10E51B5D404A0097FBC7 /* Base */ = {isa = PBXFileReference; lastKnownFileType = file.xib; name = Base; path = Base.lproj/LaunchScreen.xib; sourceTree = "<group>"; };
		12CF10EB1B5D404B0097FBC7 /* W4D1-CoreDataTests.xctest */ = {isa = PBXFileReference; explicitFileType = wrapper.cfbundle; includeInIndex = 0; path = "W4D1-CoreDataTests.xctest"; sourceTree = BUILT_PRODUCTS_DIR; };
		12CF10F01B5D404B0097FBC7 /* Info.plist */ = {isa = PBXFileReference; lastKnownFileType = text.plist.xml; path = Info.plist; sourceTree = "<group>"; };
		12CF10F11B5D404B0097FBC7 /* W4D1_CoreDataTests.m */ = {isa = PBXFileReference; lastKnownFileType = sourcecode.c.objc; path = W4D1_CoreDataTests.m; sourceTree = "<group>"; };
		12FA17591B5D44A70068A00F /* Author+CoreDataProperties.h */ = {isa = PBXFileReference; fileEncoding = 4; lastKnownFileType = sourcecode.c.h; path = "Author+CoreDataProperties.h"; sourceTree = "<group>"; };
		12FA175A1B5D44A70068A00F /* Author.h */ = {isa = PBXFileReference; fileEncoding = 4; lastKnownFileType = sourcecode.c.h; path = Author.h; sourceTree = "<group>"; };
		12FA175B1B5D44A70068A00F /* Author.m */ = {isa = PBXFileReference; fileEncoding = 4; lastKnownFileType = sourcecode.c.objc; path = Author.m; sourceTree = "<group>"; };
		12FA175C1B5D44A70068A00F /* Book+CoreDataProperties.h */ = {isa = PBXFileReference; fileEncoding = 4; lastKnownFileType = sourcecode.c.h; path = "Book+CoreDataProperties.h"; sourceTree = "<group>"; };
		12FA175D1B5D44A70068A00F /* Book.h */ = {isa = PBXFileReference; fileEncoding = 4; lastKnownFileType = sourcecode.c.h; path = Book.h; sourceTree = "<group>"; };
		12FA175E1B5D44A70068A00F /* Book.m */ = {isa = PBXFileReference; fileEncoding = 4; lastKnownFileType = sourcecode.c.objc; path = Book.m; sourceTree = "<group>"; };
/* End PBXFileReference section */

/* Begin PBXFrameworksBuildPhase section */
		12CF10C91B5D404A0097FBC7 /* Frameworks */ = {
			isa = PBXFrameworksBuildPhase;
			buildActionMask = 2147483647;
			files = (
			);
			runOnlyForDeploymentPostprocessing = 0;
		};
		12CF10E81B5D404A0097FBC7 /* Frameworks */ = {
			isa = PBXFrameworksBuildPhase;
			buildActionMask = 2147483647;
			files = (
			);
			runOnlyForDeploymentPostprocessing = 0;
		};
/* End PBXFrameworksBuildPhase section */

/* Begin PBXGroup section */
		12CF10C31B5D404A0097FBC7 = {
			isa = PBXGroup;
			children = (
				12CF10CE1B5D404A0097FBC7 /* W4D1-CoreData */,
				12CF10EE1B5D404B0097FBC7 /* W4D1-CoreDataTests */,
				12CF10CD1B5D404A0097FBC7 /* Products */,
			);
			sourceTree = "<group>";
		};
		12CF10CD1B5D404A0097FBC7 /* Products */ = {
			isa = PBXGroup;
			children = (
				12CF10CC1B5D404A0097FBC7 /* W4D1-CoreData.app */,
				12CF10EB1B5D404B0097FBC7 /* W4D1-CoreDataTests.xctest */,
			);
			name = Products;
			sourceTree = "<group>";
		};
		12CF10CE1B5D404A0097FBC7 /* W4D1-CoreData */ = {
			isa = PBXGroup;
			children = (
				12FA17591B5D44A70068A00F /* Author+CoreDataProperties.h */,
				12FA175A1B5D44A70068A00F /* Author.h */,
				12FA175B1B5D44A70068A00F /* Author.m */,
				12FA175C1B5D44A70068A00F /* Book+CoreDataProperties.h */,
				12FA175D1B5D44A70068A00F /* Book.h */,
				12FA175E1B5D44A70068A00F /* Book.m */,
				12CF10D31B5D404A0097FBC7 /* AppDelegate.h */,
				12CF10D41B5D404A0097FBC7 /* AppDelegate.m */,
				12CF10D91B5D404A0097FBC7 /* MasterViewController.h */,
				12CF10DA1B5D404A0097FBC7 /* MasterViewController.m */,
				12CF10DC1B5D404A0097FBC7 /* DetailViewController.h */,
				12CF10DD1B5D404A0097FBC7 /* DetailViewController.m */,
				12CF10DF1B5D404A0097FBC7 /* Main.storyboard */,
				12CF10E21B5D404A0097FBC7 /* Images.xcassets */,
				12CF10E41B5D404A0097FBC7 /* LaunchScreen.xib */,
				12CF10D61B5D404A0097FBC7 /* W4D1_CoreData.xcdatamodeld */,
				12CF10CF1B5D404A0097FBC7 /* Supporting Files */,
			);
			path = "W4D1-CoreData";
			sourceTree = "<group>";
		};
		12CF10CF1B5D404A0097FBC7 /* Supporting Files */ = {
			isa = PBXGroup;
			children = (
				12CF10D01B5D404A0097FBC7 /* Info.plist */,
				12CF10D11B5D404A0097FBC7 /* main.m */,
			);
			name = "Supporting Files";
			sourceTree = "<group>";
		};
		12CF10EE1B5D404B0097FBC7 /* W4D1-CoreDataTests */ = {
			isa = PBXGroup;
			children = (
				12CF10F11B5D404B0097FBC7 /* W4D1_CoreDataTests.m */,
				12CF10EF1B5D404B0097FBC7 /* Supporting Files */,
			);
			path = "W4D1-CoreDataTests";
			sourceTree = "<group>";
		};
		12CF10EF1B5D404B0097FBC7 /* Supporting Files */ = {
			isa = PBXGroup;
			children = (
				12CF10F01B5D404B0097FBC7 /* Info.plist */,
			);
			name = "Supporting Files";
			sourceTree = "<group>";
		};
/* End PBXGroup section */

/* Begin PBXNativeTarget section */
		12CF10CB1B5D404A0097FBC7 /* W4D1-CoreData */ = {
			isa = PBXNativeTarget;
			buildConfigurationList = 12CF10F51B5D404B0097FBC7 /* Build configuration list for PBXNativeTarget "W4D1-CoreData" */;
			buildPhases = (
				12CF10C81B5D404A0097FBC7 /* Sources */,
				12CF10C91B5D404A0097FBC7 /* Frameworks */,
				12CF10CA1B5D404A0097FBC7 /* Resources */,
			);
			buildRules = (
			);
			dependencies = (
			);
			name = "W4D1-CoreData";
			productName = "W4D1-CoreData";
			productReference = 12CF10CC1B5D404A0097FBC7 /* W4D1-CoreData.app */;
			productType = "com.apple.product-type.application";
		};
		12CF10EA1B5D404A0097FBC7 /* W4D1-CoreDataTests */ = {
			isa = PBXNativeTarget;
			buildConfigurationList = 12CF10F81B5D404B0097FBC7 /* Build configuration list for PBXNativeTarget "W4D1-CoreDataTests" */;
			buildPhases = (
				12CF10E71B5D404A0097FBC7 /* Sources */,
				12CF10E81B5D404A0097FBC7 /* Frameworks */,
				12CF10E91B5D404A0097FBC7 /* Resources */,
			);
			buildRules = (
			);
			dependencies = (
				12CF10ED1B5D404B0097FBC7 /* PBXTargetDependency */,
			);
			name = "W4D1-CoreDataTests";
			productName = "W4D1-CoreDataTests";
			productReference = 12CF10EB1B5D404B0097FBC7 /* W4D1-CoreDataTests.xctest */;
			productType = "com.apple.product-type.bundle.unit-test";
		};
/* End PBXNativeTarget section */

/* Begin PBXProject section */
		12CF10C41B5D404A0097FBC7 /* Project object */ = {
			isa = PBXProject;
			attributes = {
				LastUpgradeCheck = 0640;
				ORGANIZATIONNAME = "Daniel Mathews";
				TargetAttributes = {
					12CF10CB1B5D404A0097FBC7 = {
						CreatedOnToolsVersion = 6.4;
						DevelopmentTeam = 2VGL7CT34X;
					};
					12CF10EA1B5D404A0097FBC7 = {
						CreatedOnToolsVersion = 6.4;
						TestTargetID = 12CF10CB1B5D404A0097FBC7;
					};
				};
			};
			buildConfigurationList = 12CF10C71B5D404A0097FBC7 /* Build configuration list for PBXProject "W4D1-CoreData" */;
			compatibilityVersion = "Xcode 3.2";
			developmentRegion = English;
			hasScannedForEncodings = 0;
			knownRegions = (
				en,
				Base,
			);
			mainGroup = 12CF10C31B5D404A0097FBC7;
			productRefGroup = 12CF10CD1B5D404A0097FBC7 /* Products */;
			projectDirPath = "";
			projectRoot = "";
			targets = (
				12CF10CB1B5D404A0097FBC7 /* W4D1-CoreData */,
				12CF10EA1B5D404A0097FBC7 /* W4D1-CoreDataTests */,
			);
		};
/* End PBXProject section */

/* Begin PBXResourcesBuildPhase section */
		12CF10CA1B5D404A0097FBC7 /* Resources */ = {
			isa = PBXResourcesBuildPhase;
			buildActionMask = 2147483647;
			files = (
				12CF10E11B5D404A0097FBC7 /* Main.storyboard in Resources */,
				12CF10E61B5D404A0097FBC7 /* LaunchScreen.xib in Resources */,
				12CF10E31B5D404A0097FBC7 /* Images.xcassets in Resources */,
			);
			runOnlyForDeploymentPostprocessing = 0;
		};
		12CF10E91B5D404A0097FBC7 /* Resources */ = {
			isa = PBXResourcesBuildPhase;
			buildActionMask = 2147483647;
			files = (
			);
			runOnlyForDeploymentPostprocessing = 0;
		};
/* End PBXResourcesBuildPhase section */

/* Begin PBXSourcesBuildPhase section */
		12CF10C81B5D404A0097FBC7 /* Sources */ = {
			isa = PBXSourcesBuildPhase;
			buildActionMask = 2147483647;
			files = (
				12CF10DE1B5D404A0097FBC7 /* DetailViewController.m in Sources */,
				12CF10DB1B5D404A0097FBC7 /* MasterViewController.m in Sources */,
				12FA175F1B5D44A70068A00F /* Author.m in Sources */,
				12CF10D51B5D404A0097FBC7 /* AppDelegate.m in Sources */,
				12CF10D81B5D404A0097FBC7 /* W4D1_CoreData.xcdatamodeld in Sources */,
				12FA17601B5D44A70068A00F /* Book.m in Sources */,
				12CF10D21B5D404A0097FBC7 /* main.m in Sources */,
			);
			runOnlyForDeploymentPostprocessing = 0;
		};
		12CF10E71B5D404A0097FBC7 /* Sources */ = {
			isa = PBXSourcesBuildPhase;
			buildActionMask = 2147483647;
			files = (
				12CF10F21B5D404B0097FBC7 /* W4D1_CoreDataTests.m in Sources */,
			);
			runOnlyForDeploymentPostprocessing = 0;
		};
/* End PBXSourcesBuildPhase section */

/* Begin PBXTargetDependency section */
		12CF10ED1B5D404B0097FBC7 /* PBXTargetDependency */ = {
			isa = PBXTargetDependency;
			target = 12CF10CB1B5D404A0097FBC7 /* W4D1-CoreData */;
			targetProxy = 12CF10EC1B5D404B0097FBC7 /* PBXContainerItemProxy */;
		};
/* End PBXTargetDependency section */

/* Begin PBXVariantGroup section */
		12CF10DF1B5D404A0097FBC7 /* Main.storyboard */ = {
			isa = PBXVariantGroup;
			children = (
				12CF10E01B5D404A0097FBC7 /* Base */,
			);
			name = Main.storyboard;
			sourceTree = "<group>";
		};
		12CF10E41B5D404A0097FBC7 /* LaunchScreen.xib */ = {
			isa = PBXVariantGroup;
			children = (
				12CF10E51B5D404A0097FBC7 /* Base */,
			);
			name = LaunchScreen.xib;
			sourceTree = "<group>";
		};
/* End PBXVariantGroup section */

/* Begin XCBuildConfiguration section */
		12CF10F31B5D404B0097FBC7 /* Debug */ = {
			isa = XCBuildConfiguration;
			buildSettings = {
				ALWAYS_SEARCH_USER_PATHS = NO;
				CLANG_CXX_LANGUAGE_STANDARD = "gnu++0x";
				CLANG_CXX_LIBRARY = "libc++";
				CLANG_ENABLE_MODULES = YES;
				CLANG_ENABLE_OBJC_ARC = YES;
				CLANG_WARN_BOOL_CONVERSION = YES;
				CLANG_WARN_CONSTANT_CONVERSION = YES;
				CLANG_WARN_DIRECT_OBJC_ISA_USAGE = YES_ERROR;
				CLANG_WARN_EMPTY_BODY = YES;
				CLANG_WARN_ENUM_CONVERSION = YES;
				CLANG_WARN_INT_CONVERSION = YES;
				CLANG_WARN_OBJC_ROOT_CLASS = YES_ERROR;
				CLANG_WARN_UNREACHABLE_CODE = YES;
				CLANG_WARN__DUPLICATE_METHOD_MATCH = YES;
				"CODE_SIGN_IDENTITY[sdk=iphoneos*]" = "iPhone Developer";
				COPY_PHASE_STRIP = NO;
				DEBUG_INFORMATION_FORMAT = "dwarf-with-dsym";
				ENABLE_STRICT_OBJC_MSGSEND = YES;
				GCC_C_LANGUAGE_STANDARD = gnu99;
				GCC_DYNAMIC_NO_PIC = NO;
				GCC_NO_COMMON_BLOCKS = YES;
				GCC_OPTIMIZATION_LEVEL = 0;
				GCC_PREPROCESSOR_DEFINITIONS = (
					"DEBUG=1",
					"$(inherited)",
				);
				GCC_SYMBOLS_PRIVATE_EXTERN = NO;
				GCC_WARN_64_TO_32_BIT_CONVERSION = YES;
				GCC_WARN_ABOUT_RETURN_TYPE = YES_ERROR;
				GCC_WARN_UNDECLARED_SELECTOR = YES;
				GCC_WARN_UNINITIALIZED_AUTOS = YES_AGGRESSIVE;
				GCC_WARN_UNUSED_FUNCTION = YES;
				GCC_WARN_UNUSED_VARIABLE = YES;
				IPHONEOS_DEPLOYMENT_TARGET = 8.4;
				MTL_ENABLE_DEBUG_INFO = YES;
				ONLY_ACTIVE_ARCH = YES;
				SDKROOT = iphoneos;
			};
			name = Debug;
		};
		12CF10F41B5D404B0097FBC7 /* Release */ = {
			isa = XCBuildConfiguration;
			buildSettings = {
				ALWAYS_SEARCH_USER_PATHS = NO;
				CLANG_CXX_LANGUAGE_STANDARD = "gnu++0x";
				CLANG_CXX_LIBRARY = "libc++";
				CLANG_ENABLE_MODULES = YES;
				CLANG_ENABLE_OBJC_ARC = YES;
				CLANG_WARN_BOOL_CONVERSION = YES;
				CLANG_WARN_CONSTANT_CONVERSION = YES;
				CLANG_WARN_DIRECT_OBJC_ISA_USAGE = YES_ERROR;
				CLANG_WARN_EMPTY_BODY = YES;
				CLANG_WARN_ENUM_CONVERSION = YES;
				CLANG_WARN_INT_CONVERSION = YES;
				CLANG_WARN_OBJC_ROOT_CLASS = YES_ERROR;
				CLANG_WARN_UNREACHABLE_CODE = YES;
				CLANG_WARN__DUPLICATE_METHOD_MATCH = YES;
				"CODE_SIGN_IDENTITY[sdk=iphoneos*]" = "iPhone Developer";
				COPY_PHASE_STRIP = NO;
				DEBUG_INFORMATION_FORMAT = "dwarf-with-dsym";
				ENABLE_NS_ASSERTIONS = NO;
				ENABLE_STRICT_OBJC_MSGSEND = YES;
				GCC_C_LANGUAGE_STANDARD = gnu99;
				GCC_NO_COMMON_BLOCKS = YES;
				GCC_WARN_64_TO_32_BIT_CONVERSION = YES;
				GCC_WARN_ABOUT_RETURN_TYPE = YES_ERROR;
				GCC_WARN_UNDECLARED_SELECTOR = YES;
				GCC_WARN_UNINITIALIZED_AUTOS = YES_AGGRESSIVE;
				GCC_WARN_UNUSED_FUNCTION = YES;
				GCC_WARN_UNUSED_VARIABLE = YES;
				IPHONEOS_DEPLOYMENT_TARGET = 8.4;
				MTL_ENABLE_DEBUG_INFO = NO;
				SDKROOT = iphoneos;
				VALIDATE_PRODUCT = YES;
			};
			name = Release;
		};
		12CF10F61B5D404B0097FBC7 /* Debug */ = {
			isa = XCBuildConfiguration;
			buildSettings = {
				ASSETCATALOG_COMPILER_APPICON_NAME = AppIcon;
				CODE_SIGN_IDENTITY = "iPhone Developer";
				INFOPLIST_FILE = "W4D1-CoreData/Info.plist";
				LD_RUNPATH_SEARCH_PATHS = "$(inherited) @executable_path/Frameworks";
				PRODUCT_NAME = "$(TARGET_NAME)";
			};
			name = Debug;
		};
		12CF10F71B5D404B0097FBC7 /* Release */ = {
			isa = XCBuildConfiguration;
			buildSettings = {
				ASSETCATALOG_COMPILER_APPICON_NAME = AppIcon;
				CODE_SIGN_IDENTITY = "iPhone Developer";
				INFOPLIST_FILE = "W4D1-CoreData/Info.plist";
				LD_RUNPATH_SEARCH_PATHS = "$(inherited) @executable_path/Frameworks";
				PRODUCT_NAME = "$(TARGET_NAME)";
			};
			name = Release;
		};
		12CF10F91B5D404B0097FBC7 /* Debug */ = {
			isa = XCBuildConfiguration;
			buildSettings = {
				BUNDLE_LOADER = "$(TEST_HOST)";
				FRAMEWORK_SEARCH_PATHS = (
					"$(SDKROOT)/Developer/Library/Frameworks",
					"$(inherited)",
				);
				GCC_PREPROCESSOR_DEFINITIONS = (
					"DEBUG=1",
					"$(inherited)",
				);
				INFOPLIST_FILE = "W4D1-CoreDataTests/Info.plist";
				LD_RUNPATH_SEARCH_PATHS = "$(inherited) @executable_path/Frameworks @loader_path/Frameworks";
				PRODUCT_NAME = "$(TARGET_NAME)";
				TEST_HOST = "$(BUILT_PRODUCTS_DIR)/W4D1-CoreData.app/W4D1-CoreData";
			};
			name = Debug;
		};
		12CF10FA1B5D404B0097FBC7 /* Release */ = {
			isa = XCBuildConfiguration;
			buildSettings = {
				BUNDLE_LOADER = "$(TEST_HOST)";
				FRAMEWORK_SEARCH_PATHS = (
					"$(SDKROOT)/Developer/Library/Frameworks",
					"$(inherited)",
				);
				INFOPLIST_FILE = "W4D1-CoreDataTests/Info.plist";
				LD_RUNPATH_SEARCH_PATHS = "$(inherited) @executable_path/Frameworks @loader_path/Frameworks";
				PRODUCT_NAME = "$(TARGET_NAME)";
				TEST_HOST = "$(BUILT_PRODUCTS_DIR)/W4D1-CoreData.app/W4D1-CoreData";
			};
			name = Release;
		};
/* End XCBuildConfiguration section */

/* Begin XCConfigurationList section */
		12CF10C71B5D404A0097FBC7 /* Build configuration list for PBXProject "W4D1-CoreData" */ = {
			isa = XCConfigurationList;
			buildConfigurations = (
				12CF10F31B5D404B0097FBC7 /* Debug */,
				12CF10F41B5D404B0097FBC7 /* Release */,
			);
			defaultConfigurationIsVisible = 0;
			defaultConfigurationName = Release;
		};
		12CF10F51B5D404B0097FBC7 /* Build configuration list for PBXNativeTarget "W4D1-CoreData" */ = {
			isa = XCConfigurationList;
			buildConfigurations = (
				12CF10F61B5D404B0097FBC7 /* Debug */,
				12CF10F71B5D404B0097FBC7 /* Release */,
			);
			defaultConfigurationIsVisible = 0;
			defaultConfigurationName = Release;
		};
		12CF10F81B5D404B0097FBC7 /* Build configuration list for PBXNativeTarget "W4D1-CoreDataTests" */ = {
			isa = XCConfigurationList;
			buildConfigurations = (
				12CF10F91B5D404B0097FBC7 /* Debug */,
				12CF10FA1B5D404B0097FBC7 /* Release */,
			);
			defaultConfigurationIsVisible = 0;
			defaultConfigurationName = Release;
		};
/* End XCConfigurationList section */

/* Begin XCVersionGroup section */
		12CF10D61B5D404A0097FBC7 /* W4D1_CoreData.xcdatamodeld */ = {
			isa = XCVersionGroup;
			children = (
				12CF10D71B5D404A0097FBC7 /* W4D1_CoreData.xcdatamodel */,
			);
			currentVersion = 12CF10D71B5D404A0097FBC7 /* W4D1_CoreData.xcdatamodel */;
			path = W4D1_CoreData.xcdatamodeld;
			sourceTree = "<group>";
			versionGroupType = wrapper.xcdatamodel;
		};
/* End XCVersionGroup section */
	};
	rootObject = 12CF10C41B5D404A0097FBC7 /* Project object */;
}
